
Microsoft Visual Studio Solution File, Format Version 12.00
# Visual Studio Version 17
VisualStudioVersion = 17.2.32630.192
MinimumVisualStudioVersion = 10.0.40219.1
Project("{9A19103F-16F7-4668-BE54-9A1E7A4F7556}") = "ImageToText", "ImageToText.csproj", "{AA9ED820-48AA-4BBC-9827-2F61FD2621B1}"
EndProject
Global
	GlobalSection(SolutionConfigurationPlatforms) = preSolution
		Debug|Any CPU = Debug|Any CPU
		Release|Any CPU = Release|Any CPU
	EndGlobalSection
	GlobalSection(ProjectConfigurationPlatforms) = postSolution
		{AA9ED820-48AA-4BBC-9827-2F61FD2621B1}.Debug|Any CPU.ActiveCfg = Debug|Any CPU
		{AA9ED820-48AA-4BBC-9827-2F61FD2621B1}.Debug|Any CPU.Build.0 = Debug|Any CPU
		{AA9ED820-48AA-4BBC-9827-2F61FD2621B1}.Release|Any CPU.ActiveCfg = Release|Any CPU
		{AA9ED820-48AA-4BBC-9827-2F61FD2621B1}.Release|Any CPU.Build.0 = Release|Any CPU
	EndGlobalSection
	GlobalSection(SolutionProperties) = preSolution
		HideSolutionNode = FALSE
	EndGlobalSection
	GlobalSection(ExtensibilityGlobals) = postSolution
		SolutionGuid = {730A4BDD-D9B4-4E14-AE45-138EE93E29FF}
	EndGlobalSection
EndGlobal
